<?xml version="1.0" encoding="utf-8"?>
<Project ToolsVersion="4.0" xmlns="http://schemas.microsoft.com/developer/msbuild/2003">
  <ItemGroup>
    <Filter Include="Source files">
      <UniqueIdentifier>{91aa072f-52b1-41b6-93b9-9b4fedd0b51c}</UniqueIdentifier>
      <Extensions>cpp;c;cc;cxx;def;odl;idl;hpj;bat;asm;asmx</Extensions>
    </Filter>
    <Filter Include="Header files">
      <UniqueIdentifier>{e4457f40-0e4f-475b-a019-5e5c68229fd1}</UniqueIdentifier>
      <Extensions>h;hpp;hxx;hm;inl;inc;xsd</Extensions>
    </Filter>
    <Filter Include="Resource files">
      <UniqueIdentifier>{89827d75-829f-40bc-9ae5-b0e0011feb8a}</UniqueIdentifier>
      <Extensions>rc;ico;cur;bmp;dlg;rc2;rct;bin;rgs;gif;jpg;jpeg;jpe;resx;tiff;tif;png;wav</Extensions>
    </Filter>
    <Filter Include="Make files">
      <UniqueIdentifier>{d7742940-7864-4df2-953f-95b990199ff7}</UniqueIdentifier>
      <Extensions>*.mak</Extensions>
    </Filter>
    <Filter Include="VisualGDB settings">
      <UniqueIdentifier>{94e4227a-5745-485e-9ca2-778235f11ff3}</UniqueIdentifier>
      <Extensions>*.vgdbsettings</Extensions>
    </Filter>
  </ItemGroup>
  <ItemGroup>
    <ClCompile Include="GimpILBM.c">
      <Filter>Source files</Filter>
    </ClCompile>
  </ItemGroup>
  <ItemGroup>
    <None Include="Makefile" />
    <None Include="debug.mak">
      <Filter>Make files</Filter>
    </None>
    <None Include="GimpILBM-Debug.vgdbsettings">
      <Filter>VisualGDB settings</Filter>
    </None>
    <None Include="release.mak">
      <Filter>Make files</Filter>
    </None>
    <None Include="GimpILBM-Release.vgdbsettings">
      <Filter>VisualGDB settings</Filter>
    </None>
  </ItemGroup>
</Project>